// !$*UTF8*$!
{
	archiveVersion = 1;
	classes = {
	};
	objectVersion = 46;
	objects = {

/* Begin PBXBuildFile section */
		3BEA68C2AC9E2A9BDC6C4136 /* Pods.framework in Frameworks */ = {isa = PBXBuildFile; fileRef = 46E0FBFC3ABBE44CC5C1E9D6 /* Pods.framework */; };
		66D922BD695B3D5F1A6A0031 /* WorkoutTableViewController.swift in Sources */ = {isa = PBXBuildFile; fileRef = 66D92AEF7079A27237281D5A /* WorkoutTableViewController.swift */; };
		66D92F16487AF0F7322B45B4 /* WorkoutTableViewController.swift in Sources */ = {isa = PBXBuildFile; fileRef = 66D92AEF7079A27237281D5A /* WorkoutTableViewController.swift */; };
		66D92FBC1A70FD594DBD8028 /* WorkoutTableViewController.swift in Sources */ = {isa = PBXBuildFile; fileRef = 66D92AEF7079A27237281D5A /* WorkoutTableViewController.swift */; };
		8B1F79841C3367FF00B92116 /* GraphAxisSetUp.swift in Sources */ = {isa = PBXBuildFile; fileRef = 8B1F79831C3367FF00B92116 /* GraphAxisSetUp.swift */; };
		8B1F79881C336E1400B92116 /* WorkoutDetailViewController.swift in Sources */ = {isa = PBXBuildFile; fileRef = 8B1F79871C336E1400B92116 /* WorkoutDetailViewController.swift */; };
		8B2D5F511C3220A900F7A369 /* CategoriesSingleton.swift in Sources */ = {isa = PBXBuildFile; fileRef = 8B2D5F501C3220A900F7A369 /* CategoriesSingleton.swift */; };
		8B33F0821C3F3FFA0011CDBE /* StringHelpers.swift in Sources */ = {isa = PBXBuildFile; fileRef = 8B33F0811C3F3FFA0011CDBE /* StringHelpers.swift */; };
		8B33F0841C41790D0011CDBE /* SingleLineStatCell.swift in Sources */ = {isa = PBXBuildFile; fileRef = 8B33F0831C41790D0011CDBE /* SingleLineStatCell.swift */; };
		8B33F0871C41C8A70011CDBE /* ActiveSlider.swift in Sources */ = {isa = PBXBuildFile; fileRef = 8B33F0861C41C8A70011CDBE /* ActiveSlider.swift */; };
		8B33F0891C41C96F0011CDBE /* ApercuStyleKit.swift in Sources */ = {isa = PBXBuildFile; fileRef = 8B33F0881C41C96F0011CDBE /* ApercuStyleKit.swift */; };
		8B52700B1C2E3AB000391950 /* ApercuWorkout.swift in Sources */ = {isa = PBXBuildFile; fileRef = 8B52700A1C2E3AB000391950 /* ApercuWorkout.swift */; };
		8B5C0C4B1C2D6FC6000B236A /* HealthKit.framework in Frameworks */ = {isa = PBXBuildFile; fileRef = 8B5C0C4A1C2D6FC6000B236A /* HealthKit.framework */; };
		8B5C0C4F1C2D7329000B236A /* singleTabBar3.png in Resources */ = {isa = PBXBuildFile; fileRef = 8B5C0C4D1C2D7329000B236A /* singleTabBar3.png */; };
		8B5C0C501C2D7329000B236A /* singleTabBar3@2x.png in Resources */ = {isa = PBXBuildFile; fileRef = 8B5C0C4E1C2D7329000B236A /* singleTabBar3@2x.png */; };
		8B5C0C531C2D7346000B236A /* compareTabBar2.png in Resources */ = {isa = PBXBuildFile; fileRef = 8B5C0C511C2D7346000B236A /* compareTabBar2.png */; };
		8B5C0C541C2D7346000B236A /* compareTabBar2@2x.png in Resources */ = {isa = PBXBuildFile; fileRef = 8B5C0C521C2D7346000B236A /* compareTabBar2@2x.png */; };
		8B5C0C5F1C2D877A000B236A /* Template+CoreDataProperties.swift in Sources */ = {isa = PBXBuildFile; fileRef = 8B5C0C551C2D877A000B236A /* Template+CoreDataProperties.swift */; };
		8B5C0C601C2D877A000B236A /* Template.swift in Sources */ = {isa = PBXBuildFile; fileRef = 8B5C0C561C2D877A000B236A /* Template.swift */; };
		8B5C0C611C2D877A000B236A /* WorkoutSet+CoreDataProperties.swift in Sources */ = {isa = PBXBuildFile; fileRef = 8B5C0C571C2D877A000B236A /* WorkoutSet+CoreDataProperties.swift */; };
		8B5C0C621C2D877A000B236A /* WorkoutSet.swift in Sources */ = {isa = PBXBuildFile; fileRef = 8B5C0C581C2D877A000B236A /* WorkoutSet.swift */; };
		8B5C0C631C2D877A000B236A /* Workout+CoreDataProperties.swift in Sources */ = {isa = PBXBuildFile; fileRef = 8B5C0C591C2D877A000B236A /* Workout+CoreDataProperties.swift */; };
		8B5C0C641C2D877A000B236A /* Workout.swift in Sources */ = {isa = PBXBuildFile; fileRef = 8B5C0C5A1C2D877A000B236A /* Workout.swift */; };
		8B5C0C651C2D877A000B236A /* Category+CoreDataProperties.swift in Sources */ = {isa = PBXBuildFile; fileRef = 8B5C0C5B1C2D877A000B236A /* Category+CoreDataProperties.swift */; };
		8B5C0C661C2D877A000B236A /* Category.swift in Sources */ = {isa = PBXBuildFile; fileRef = 8B5C0C5C1C2D877A000B236A /* Category.swift */; };
		8B5C0C671C2D877A000B236A /* Exercise+CoreDataProperties.swift in Sources */ = {isa = PBXBuildFile; fileRef = 8B5C0C5D1C2D877A000B236A /* Exercise+CoreDataProperties.swift */; };
		8B5C0C681C2D877A000B236A /* Exercise.swift in Sources */ = {isa = PBXBuildFile; fileRef = 8B5C0C5E1C2D877A000B236A /* Exercise.swift */; };
		8B6573391C2A1F2F00B9B1E9 /* AppDelegate.swift in Sources */ = {isa = PBXBuildFile; fileRef = 8B6573381C2A1F2F00B9B1E9 /* AppDelegate.swift */; };
		8B65733B1C2A1F2F00B9B1E9 /* ViewController.swift in Sources */ = {isa = PBXBuildFile; fileRef = 8B65733A1C2A1F2F00B9B1E9 /* ViewController.swift */; };
		8B65733E1C2A1F2F00B9B1E9 /* Main.storyboard in Resources */ = {isa = PBXBuildFile; fileRef = 8B65733C1C2A1F2F00B9B1E9 /* Main.storyboard */; };
		8B6573411C2A1F2F00B9B1E9 /* Apercu.xcdatamodeld in Sources */ = {isa = PBXBuildFile; fileRef = 8B65733F1C2A1F2F00B9B1E9 /* Apercu.xcdatamodeld */; };
		8B6573431C2A1F2F00B9B1E9 /* Assets.xcassets in Resources */ = {isa = PBXBuildFile; fileRef = 8B6573421C2A1F2F00B9B1E9 /* Assets.xcassets */; };
		8B6573461C2A1F2F00B9B1E9 /* LaunchScreen.storyboard in Resources */ = {isa = PBXBuildFile; fileRef = 8B6573441C2A1F2F00B9B1E9 /* LaunchScreen.storyboard */; };
		8B6573511C2A1F2F00B9B1E9 /* ApercuTests.swift in Sources */ = {isa = PBXBuildFile; fileRef = 8B6573501C2A1F2F00B9B1E9 /* ApercuTests.swift */; };
		8B65735C1C2A1F2F00B9B1E9 /* ApercuUITests.swift in Sources */ = {isa = PBXBuildFile; fileRef = 8B65735B1C2A1F2F00B9B1E9 /* ApercuUITests.swift */; };
		8B76F9621C36DF82009BE714 /* IntensityThresholdSingleton.swift in Sources */ = {isa = PBXBuildFile; fileRef = 8B76F9611C36DF82009BE714 /* IntensityThresholdSingleton.swift */; };
		8B8603881C2F789300923013 /* CategoryFilterViewController.swift in Sources */ = {isa = PBXBuildFile; fileRef = 8B8603871C2F789300923013 /* CategoryFilterViewController.swift */; };
		8B86038A1C2F80F000923013 /* CategoryCell.swift in Sources */ = {isa = PBXBuildFile; fileRef = 8B8603891C2F80F000923013 /* CategoryCell.swift */; };
		8BC314EA1C37187D00F2B774 /* GraphHeatmap.swift in Sources */ = {isa = PBXBuildFile; fileRef = 8BC314E91C37187D00F2B774 /* GraphHeatmap.swift */; };
		8BC314EC1C3718D000F2B774 /* GraphMostActive.swift in Sources */ = {isa = PBXBuildFile; fileRef = 8BC314EB1C3718D000F2B774 /* GraphMostActive.swift */; };
		8BC314EE1C37622800F2B774 /* CustomScrollView.swift in Sources */ = {isa = PBXBuildFile; fileRef = 8BC314ED1C37622800F2B774 /* CustomScrollView.swift */; };
		8BC314F01C3772AB00F2B774 /* GraphAxisNumberFormatter.swift in Sources */ = {isa = PBXBuildFile; fileRef = 8BC314EF1C3772AB00F2B774 /* GraphAxisNumberFormatter.swift */; };
		8BC314F41C37F2EC00F2B774 /* ProcessWorkout.swift in Sources */ = {isa = PBXBuildFile; fileRef = 8BC314F31C37F2EC00F2B774 /* ProcessWorkout.swift */; };
		8BC314F81C381A3500F2B774 /* GraphTableStrings.swift in Sources */ = {isa = PBXBuildFile; fileRef = 8BC314F71C381A3500F2B774 /* GraphTableStrings.swift */; };
		8BC314FA1C382F2700F2B774 /* GraphPlotSetup.swift in Sources */ = {isa = PBXBuildFile; fileRef = 8BC314F91C382F2700F2B774 /* GraphPlotSetup.swift */; };
		8BC314FC1C384D5C00F2B774 /* GraphDataSetup.swift in Sources */ = {isa = PBXBuildFile; fileRef = 8BC314FB1C384D5C00F2B774 /* GraphDataSetup.swift */; };
		8BC314FE1C394BFB00F2B774 /* ApercuPlot.swift in Sources */ = {isa = PBXBuildFile; fileRef = 8BC314FD1C394BFB00F2B774 /* ApercuPlot.swift */; };
		8BD54DDE1C2C189A0013B35A /* HealthKitSetup.swift in Sources */ = {isa = PBXBuildFile; fileRef = 8BD54DDD1C2C189A0013B35A /* HealthKitSetup.swift */; };
		8BD54DE01C2C2F2D0013B35A /* QueryWorkouts.swift in Sources */ = {isa = PBXBuildFile; fileRef = 8BD54DDF1C2C2F2D0013B35A /* QueryWorkouts.swift */; };
		8BD961CF1C3C9189004B7F72 /* StatCell.swift in Sources */ = {isa = PBXBuildFile; fileRef = 8BD961CE1C3C9189004B7F72 /* StatCell.swift */; };
		8BDA8EE71C2C4F93000D0630 /* CategorySetup.swift in Sources */ = {isa = PBXBuildFile; fileRef = 8BDA8EE61C2C4F93000D0630 /* CategorySetup.swift */; };
		8BDA8EE91C2C9B05000D0630 /* WorkoutCell.swift in Sources */ = {isa = PBXBuildFile; fileRef = 8BDA8EE81C2C9B05000D0630 /* WorkoutCell.swift */; };
		8BE5CE271C30C9A000FB7CE9 /* ManualFilterViewController.swift in Sources */ = {isa = PBXBuildFile; fileRef = 8BE5CE261C30C9A000FB7CE9 /* ManualFilterViewController.swift */; };
		8BE5CE291C32068D00FB7CE9 /* CategoryLookup.swift in Sources */ = {isa = PBXBuildFile; fileRef = 8BE5CE281C32068D00FB7CE9 /* CategoryLookup.swift */; };
		8BE81CB51C36C58200CD79BC /* QuerySamples.swift in Sources */ = {isa = PBXBuildFile; fileRef = 8BE81CB41C36C58200CD79BC /* QuerySamples.swift */; };
		8BFE0BE51C2CBA1C00E2CF8A /* FilteredTableViewController.swift in Sources */ = {isa = PBXBuildFile; fileRef = 8BFE0BE41C2CBA1C00E2CF8A /* FilteredTableViewController.swift */; };
		8BFE0BE71C2D593800E2CF8A /* CompareCell.swift in Sources */ = {isa = PBXBuildFile; fileRef = 8BFE0BE61C2D593800E2CF8A /* CompareCell.swift */; };
		8BFE0BE91C2D5D1500E2CF8A /* WorkoutDescription.swift in Sources */ = {isa = PBXBuildFile; fileRef = 8BFE0BE81C2D5D1500E2CF8A /* WorkoutDescription.swift */; };
/* End PBXBuildFile section */

/* Begin PBXContainerItemProxy section */
		8B65734D1C2A1F2F00B9B1E9 /* PBXContainerItemProxy */ = {
			isa = PBXContainerItemProxy;
			containerPortal = 8B65732D1C2A1F2F00B9B1E9 /* Project object */;
			proxyType = 1;
			remoteGlobalIDString = 8B6573341C2A1F2F00B9B1E9;
			remoteInfo = Apercu;
		};
		8B6573581C2A1F2F00B9B1E9 /* PBXContainerItemProxy */ = {
			isa = PBXContainerItemProxy;
			containerPortal = 8B65732D1C2A1F2F00B9B1E9 /* Project object */;
			proxyType = 1;
			remoteGlobalIDString = 8B6573341C2A1F2F00B9B1E9;
			remoteInfo = Apercu;
		};
/* End PBXContainerItemProxy section */

/* Begin PBXFileReference section */
		0E82362FF6F1C9F2FE1A2438 /* Pods.debug.xcconfig */ = {isa = PBXFileReference; includeInIndex = 1; lastKnownFileType = text.xcconfig; name = Pods.debug.xcconfig; path = "Pods/Target Support Files/Pods/Pods.debug.xcconfig"; sourceTree = "<group>"; };
		46E0FBFC3ABBE44CC5C1E9D6 /* Pods.framework */ = {isa = PBXFileReference; explicitFileType = wrapper.framework; includeInIndex = 0; path = Pods.framework; sourceTree = BUILT_PRODUCTS_DIR; };
		4BD13D29264AAFFE9CA3BA73 /* Pods.release.xcconfig */ = {isa = PBXFileReference; includeInIndex = 1; lastKnownFileType = text.xcconfig; name = Pods.release.xcconfig; path = "Pods/Target Support Files/Pods/Pods.release.xcconfig"; sourceTree = "<group>"; };
		66D92AEF7079A27237281D5A /* WorkoutTableViewController.swift */ = {isa = PBXFileReference; fileEncoding = 4; lastKnownFileType = sourcecode.swift; path = WorkoutTableViewController.swift; sourceTree = "<group>"; };
		8B1F79831C3367FF00B92116 /* GraphAxisSetUp.swift */ = {isa = PBXFileReference; fileEncoding = 4; lastKnownFileType = sourcecode.swift; name = GraphAxisSetUp.swift; path = Apercu/Graph/GraphAxisSetUp.swift; sourceTree = SOURCE_ROOT; };
		8B1F79871C336E1400B92116 /* WorkoutDetailViewController.swift */ = {isa = PBXFileReference; fileEncoding = 4; lastKnownFileType = sourcecode.swift; path = WorkoutDetailViewController.swift; sourceTree = "<group>"; };
		8B2D5F501C3220A900F7A369 /* CategoriesSingleton.swift */ = {isa = PBXFileReference; fileEncoding = 4; lastKnownFileType = sourcecode.swift; name = CategoriesSingleton.swift; path = ../Misc/CategoriesSingleton.swift; sourceTree = "<group>"; };
		8B33F0811C3F3FFA0011CDBE /* StringHelpers.swift */ = {isa = PBXFileReference; fileEncoding = 4; lastKnownFileType = sourcecode.swift; name = StringHelpers.swift; path = Apercu/Misc/StringHelpers.swift; sourceTree = SOURCE_ROOT; };
		8B33F0831C41790D0011CDBE /* SingleLineStatCell.swift */ = {isa = PBXFileReference; fileEncoding = 4; lastKnownFileType = sourcecode.swift; name = SingleLineStatCell.swift; path = Cells/SingleLineStatCell.swift; sourceTree = "<group>"; };
		8B33F0861C41C8A70011CDBE /* ActiveSlider.swift */ = {isa = PBXFileReference; fileEncoding = 4; lastKnownFileType = sourcecode.swift; name = ActiveSlider.swift; path = Apercu/Views/ActiveSlider.swift; sourceTree = SOURCE_ROOT; };
		8B33F0881C41C96F0011CDBE /* ApercuStyleKit.swift */ = {isa = PBXFileReference; fileEncoding = 4; lastKnownFileType = sourcecode.swift; path = ApercuStyleKit.swift; sourceTree = "<group>"; };
		8B52700A1C2E3AB000391950 /* ApercuWorkout.swift */ = {isa = PBXFileReference; fileEncoding = 4; lastKnownFileType = sourcecode.swift; name = ApercuWorkout.swift; path = Model/ApercuWorkout.swift; sourceTree = "<group>"; };
		8B5C0C491C2D6F42000B236A /* Apercu.entitlements */ = {isa = PBXFileReference; lastKnownFileType = text.xml; path = Apercu.entitlements; sourceTree = "<group>"; };
		8B5C0C4A1C2D6FC6000B236A /* HealthKit.framework */ = {isa = PBXFileReference; lastKnownFileType = wrapper.framework; name = HealthKit.framework; path = System/Library/Frameworks/HealthKit.framework; sourceTree = SDKROOT; };
		8B5C0C4D1C2D7329000B236A /* singleTabBar3.png */ = {isa = PBXFileReference; lastKnownFileType = image.png; name = singleTabBar3.png; path = Images/singleTabBar3.png; sourceTree = "<group>"; };
		8B5C0C4E1C2D7329000B236A /* singleTabBar3@2x.png */ = {isa = PBXFileReference; lastKnownFileType = image.png; name = "singleTabBar3@2x.png"; path = "Images/singleTabBar3@2x.png"; sourceTree = "<group>"; };
		8B5C0C511C2D7346000B236A /* compareTabBar2.png */ = {isa = PBXFileReference; lastKnownFileType = image.png; name = compareTabBar2.png; path = Images/compareTabBar2.png; sourceTree = "<group>"; };
		8B5C0C521C2D7346000B236A /* compareTabBar2@2x.png */ = {isa = PBXFileReference; lastKnownFileType = image.png; name = "compareTabBar2@2x.png"; path = "Images/compareTabBar2@2x.png"; sourceTree = "<group>"; };
		8B5C0C551C2D877A000B236A /* Template+CoreDataProperties.swift */ = {isa = PBXFileReference; fileEncoding = 4; lastKnownFileType = sourcecode.swift; name = "Template+CoreDataProperties.swift"; path = "../Core Data/Template+CoreDataProperties.swift"; sourceTree = "<group>"; };
		8B5C0C561C2D877A000B236A /* Template.swift */ = {isa = PBXFileReference; fileEncoding = 4; lastKnownFileType = sourcecode.swift; name = Template.swift; path = "../Core Data/Template.swift"; sourceTree = "<group>"; };
		8B5C0C571C2D877A000B236A /* WorkoutSet+CoreDataProperties.swift */ = {isa = PBXFileReference; fileEncoding = 4; lastKnownFileType = sourcecode.swift; name = "WorkoutSet+CoreDataProperties.swift"; path = "../Core Data/WorkoutSet+CoreDataProperties.swift"; sourceTree = "<group>"; };
		8B5C0C581C2D877A000B236A /* WorkoutSet.swift */ = {isa = PBXFileReference; fileEncoding = 4; lastKnownFileType = sourcecode.swift; name = WorkoutSet.swift; path = "../Core Data/WorkoutSet.swift"; sourceTree = "<group>"; };
		8B5C0C591C2D877A000B236A /* Workout+CoreDataProperties.swift */ = {isa = PBXFileReference; fileEncoding = 4; lastKnownFileType = sourcecode.swift; name = "Workout+CoreDataProperties.swift"; path = "../Core Data/Workout+CoreDataProperties.swift"; sourceTree = "<group>"; };
		8B5C0C5A1C2D877A000B236A /* Workout.swift */ = {isa = PBXFileReference; fileEncoding = 4; lastKnownFileType = sourcecode.swift; name = Workout.swift; path = "../Core Data/Workout.swift"; sourceTree = "<group>"; };
		8B5C0C5B1C2D877A000B236A /* Category+CoreDataProperties.swift */ = {isa = PBXFileReference; fileEncoding = 4; lastKnownFileType = sourcecode.swift; name = "Category+CoreDataProperties.swift"; path = "../Core Data/Category+CoreDataProperties.swift"; sourceTree = "<group>"; };
		8B5C0C5C1C2D877A000B236A /* Category.swift */ = {isa = PBXFileReference; fileEncoding = 4; lastKnownFileType = sourcecode.swift; name = Category.swift; path = "../Core Data/Category.swift"; sourceTree = "<group>"; };
		8B5C0C5D1C2D877A000B236A /* Exercise+CoreDataProperties.swift */ = {isa = PBXFileReference; fileEncoding = 4; lastKnownFileType = sourcecode.swift; name = "Exercise+CoreDataProperties.swift"; path = "../Core Data/Exercise+CoreDataProperties.swift"; sourceTree = "<group>"; };
		8B5C0C5E1C2D877A000B236A /* Exercise.swift */ = {isa = PBXFileReference; fileEncoding = 4; lastKnownFileType = sourcecode.swift; name = Exercise.swift; path = "../Core Data/Exercise.swift"; sourceTree = "<group>"; };
		8B6573351C2A1F2F00B9B1E9 /* Apercu.app */ = {isa = PBXFileReference; explicitFileType = wrapper.application; includeInIndex = 0; path = Apercu.app; sourceTree = BUILT_PRODUCTS_DIR; };
		8B6573381C2A1F2F00B9B1E9 /* AppDelegate.swift */ = {isa = PBXFileReference; lastKnownFileType = sourcecode.swift; name = AppDelegate.swift; path = /Users/davidlantrip/ios/Apercu/Apercu/AppDelegate.swift; sourceTree = "<absolute>"; };
		8B65733A1C2A1F2F00B9B1E9 /* ViewController.swift */ = {isa = PBXFileReference; lastKnownFileType = sourcecode.swift; path = ViewController.swift; sourceTree = "<group>"; };
		8B65733D1C2A1F2F00B9B1E9 /* Base */ = {isa = PBXFileReference; lastKnownFileType = file.storyboard; name = Base; path = Base.lproj/Main.storyboard; sourceTree = "<group>"; };
		8B6573401C2A1F2F00B9B1E9 /* Apercu.xcdatamodel */ = {isa = PBXFileReference; lastKnownFileType = wrapper.xcdatamodel; path = Apercu.xcdatamodel; sourceTree = "<group>"; };
		8B6573421C2A1F2F00B9B1E9 /* Assets.xcassets */ = {isa = PBXFileReference; lastKnownFileType = folder.assetcatalog; path = Assets.xcassets; sourceTree = "<group>"; };
		8B6573451C2A1F2F00B9B1E9 /* Base */ = {isa = PBXFileReference; lastKnownFileType = file.storyboard; name = Base; path = Base.lproj/LaunchScreen.storyboard; sourceTree = "<group>"; };
		8B6573471C2A1F2F00B9B1E9 /* Info.plist */ = {isa = PBXFileReference; lastKnownFileType = text.plist.xml; path = Info.plist; sourceTree = "<group>"; };
		8B65734C1C2A1F2F00B9B1E9 /* ApercuTests.xctest */ = {isa = PBXFileReference; explicitFileType = wrapper.cfbundle; includeInIndex = 0; path = ApercuTests.xctest; sourceTree = BUILT_PRODUCTS_DIR; };
		8B6573501C2A1F2F00B9B1E9 /* ApercuTests.swift */ = {isa = PBXFileReference; lastKnownFileType = sourcecode.swift; path = ApercuTests.swift; sourceTree = "<group>"; };
		8B6573521C2A1F2F00B9B1E9 /* Info.plist */ = {isa = PBXFileReference; lastKnownFileType = text.plist.xml; path = Info.plist; sourceTree = "<group>"; };
		8B6573571C2A1F2F00B9B1E9 /* ApercuUITests.xctest */ = {isa = PBXFileReference; explicitFileType = wrapper.cfbundle; includeInIndex = 0; path = ApercuUITests.xctest; sourceTree = BUILT_PRODUCTS_DIR; };
		8B65735B1C2A1F2F00B9B1E9 /* ApercuUITests.swift */ = {isa = PBXFileReference; lastKnownFileType = sourcecode.swift; path = ApercuUITests.swift; sourceTree = "<group>"; };
		8B65735D1C2A1F2F00B9B1E9 /* Info.plist */ = {isa = PBXFileReference; lastKnownFileType = text.plist.xml; path = Info.plist; sourceTree = "<group>"; };
		8B76F9611C36DF82009BE714 /* IntensityThresholdSingleton.swift */ = {isa = PBXFileReference; fileEncoding = 4; lastKnownFileType = sourcecode.swift; name = IntensityThresholdSingleton.swift; path = ../Misc/IntensityThresholdSingleton.swift; sourceTree = "<group>"; };
		8B8603871C2F789300923013 /* CategoryFilterViewController.swift */ = {isa = PBXFileReference; fileEncoding = 4; lastKnownFileType = sourcecode.swift; path = CategoryFilterViewController.swift; sourceTree = "<group>"; };
		8B8603891C2F80F000923013 /* CategoryCell.swift */ = {isa = PBXFileReference; fileEncoding = 4; lastKnownFileType = sourcecode.swift; name = CategoryCell.swift; path = Cells/CategoryCell.swift; sourceTree = "<group>"; };
		8BC314E91C37187D00F2B774 /* GraphHeatmap.swift */ = {isa = PBXFileReference; fileEncoding = 4; lastKnownFileType = sourcecode.swift; name = GraphHeatmap.swift; path = Apercu/Graph/GraphHeatmap.swift; sourceTree = SOURCE_ROOT; };
		8BC314EB1C3718D000F2B774 /* GraphMostActive.swift */ = {isa = PBXFileReference; fileEncoding = 4; lastKnownFileType = sourcecode.swift; name = GraphMostActive.swift; path = Apercu/Graph/GraphMostActive.swift; sourceTree = SOURCE_ROOT; };
		8BC314ED1C37622800F2B774 /* CustomScrollView.swift */ = {isa = PBXFileReference; fileEncoding = 4; lastKnownFileType = sourcecode.swift; name = CustomScrollView.swift; path = ../Misc/CustomScrollView.swift; sourceTree = "<group>"; };
		8BC314EF1C3772AB00F2B774 /* GraphAxisNumberFormatter.swift */ = {isa = PBXFileReference; fileEncoding = 4; lastKnownFileType = sourcecode.swift; name = GraphAxisNumberFormatter.swift; path = ../Graph/GraphAxisNumberFormatter.swift; sourceTree = "<group>"; };
		8BC314F31C37F2EC00F2B774 /* ProcessWorkout.swift */ = {isa = PBXFileReference; fileEncoding = 4; lastKnownFileType = sourcecode.swift; name = ProcessWorkout.swift; path = Model/ProcessWorkout.swift; sourceTree = "<group>"; };
		8BC314F71C381A3500F2B774 /* GraphTableStrings.swift */ = {isa = PBXFileReference; fileEncoding = 4; lastKnownFileType = sourcecode.swift; name = GraphTableStrings.swift; path = Apercu/Graph/GraphTableStrings.swift; sourceTree = SOURCE_ROOT; };
		8BC314F91C382F2700F2B774 /* GraphPlotSetup.swift */ = {isa = PBXFileReference; fileEncoding = 4; lastKnownFileType = sourcecode.swift; name = GraphPlotSetup.swift; path = Apercu/Graph/GraphPlotSetup.swift; sourceTree = SOURCE_ROOT; };
		8BC314FB1C384D5C00F2B774 /* GraphDataSetup.swift */ = {isa = PBXFileReference; fileEncoding = 4; lastKnownFileType = sourcecode.swift; path = GraphDataSetup.swift; sourceTree = "<group>"; };
		8BC314FD1C394BFB00F2B774 /* ApercuPlot.swift */ = {isa = PBXFileReference; fileEncoding = 4; lastKnownFileType = sourcecode.swift; name = ApercuPlot.swift; path = Model/ApercuPlot.swift; sourceTree = "<group>"; };
		8BD54DDD1C2C189A0013B35A /* HealthKitSetup.swift */ = {isa = PBXFileReference; fileEncoding = 4; lastKnownFileType = sourcecode.swift; name = HealthKitSetup.swift; path = Apercu/Misc/HealthKitSetup.swift; sourceTree = SOURCE_ROOT; };
		8BD54DDF1C2C2F2D0013B35A /* QueryWorkouts.swift */ = {isa = PBXFileReference; fileEncoding = 4; lastKnownFileType = sourcecode.swift; name = QueryWorkouts.swift; path = Misc/QueryWorkouts.swift; sourceTree = "<group>"; };
		8BD961CE1C3C9189004B7F72 /* StatCell.swift */ = {isa = PBXFileReference; fileEncoding = 4; lastKnownFileType = sourcecode.swift; name = StatCell.swift; path = Cells/StatCell.swift; sourceTree = "<group>"; };
		8BDA8EE61C2C4F93000D0630 /* CategorySetup.swift */ = {isa = PBXFileReference; fileEncoding = 4; lastKnownFileType = sourcecode.swift; name = CategorySetup.swift; path = ../Misc/CategorySetup.swift; sourceTree = "<group>"; };
		8BDA8EE81C2C9B05000D0630 /* WorkoutCell.swift */ = {isa = PBXFileReference; fileEncoding = 4; lastKnownFileType = sourcecode.swift; name = WorkoutCell.swift; path = Cells/WorkoutCell.swift; sourceTree = "<group>"; };
		8BE5CE261C30C9A000FB7CE9 /* ManualFilterViewController.swift */ = {isa = PBXFileReference; fileEncoding = 4; lastKnownFileType = sourcecode.swift; path = ManualFilterViewController.swift; sourceTree = "<group>"; };
		8BE5CE281C32068D00FB7CE9 /* CategoryLookup.swift */ = {isa = PBXFileReference; fileEncoding = 4; lastKnownFileType = sourcecode.swift; name = CategoryLookup.swift; path = Apercu/Misc/CategoryLookup.swift; sourceTree = SOURCE_ROOT; };
		8BE81CB41C36C58200CD79BC /* QuerySamples.swift */ = {isa = PBXFileReference; fileEncoding = 4; lastKnownFileType = sourcecode.swift; path = QuerySamples.swift; sourceTree = "<group>"; };
		8BFE0BE41C2CBA1C00E2CF8A /* FilteredTableViewController.swift */ = {isa = PBXFileReference; fileEncoding = 4; lastKnownFileType = sourcecode.swift; path = FilteredTableViewController.swift; sourceTree = "<group>"; };
		8BFE0BE61C2D593800E2CF8A /* CompareCell.swift */ = {isa = PBXFileReference; fileEncoding = 4; lastKnownFileType = sourcecode.swift; name = CompareCell.swift; path = Cells/CompareCell.swift; sourceTree = "<group>"; };
		8BFE0BE81C2D5D1500E2CF8A /* WorkoutDescription.swift */ = {isa = PBXFileReference; fileEncoding = 4; lastKnownFileType = sourcecode.swift; name = WorkoutDescription.swift; path = Apercu/Misc/WorkoutDescription.swift; sourceTree = SOURCE_ROOT; };
/* End PBXFileReference section */

/* Begin PBXFrameworksBuildPhase section */
		8B6573321C2A1F2F00B9B1E9 /* Frameworks */ = {
			isa = PBXFrameworksBuildPhase;
			buildActionMask = 2147483647;
			files = (
				3BEA68C2AC9E2A9BDC6C4136 /* Pods.framework in Frameworks */,
				8B5C0C4B1C2D6FC6000B236A /* HealthKit.framework in Frameworks */,
			);
			runOnlyForDeploymentPostprocessing = 0;
		};
		8B6573491C2A1F2F00B9B1E9 /* Frameworks */ = {
			isa = PBXFrameworksBuildPhase;
			buildActionMask = 2147483647;
			files = (
			);
			runOnlyForDeploymentPostprocessing = 0;
		};
		8B6573541C2A1F2F00B9B1E9 /* Frameworks */ = {
			isa = PBXFrameworksBuildPhase;
			buildActionMask = 2147483647;
			files = (
			);
			runOnlyForDeploymentPostprocessing = 0;
		};
/* End PBXFrameworksBuildPhase section */

/* Begin PBXGroup section */
		5A78678EFEAAB5E5166D998C /* Pods */ = {
			isa = PBXGroup;
			children = (
				0E82362FF6F1C9F2FE1A2438 /* Pods.debug.xcconfig */,
				4BD13D29264AAFFE9CA3BA73 /* Pods.release.xcconfig */,
			);
			name = Pods;
			sourceTree = "<group>";
		};
		66D92FB1FA360AC76BE2D5A2 /* ViewControllers */ = {
			isa = PBXGroup;
			children = (
				66D92AEF7079A27237281D5A /* WorkoutTableViewController.swift */,
				8BFE0BE41C2CBA1C00E2CF8A /* FilteredTableViewController.swift */,
				8B8603871C2F789300923013 /* CategoryFilterViewController.swift */,
				8BE5CE261C30C9A000FB7CE9 /* ManualFilterViewController.swift */,
				8B1F79871C336E1400B92116 /* WorkoutDetailViewController.swift */,
			);
			path = ViewControllers;
			sourceTree = "<group>";
		};
		8B1F79821C3367DB00B92116 /* Graph */ = {
			isa = PBXGroup;
			children = (
				8B1F79831C3367FF00B92116 /* GraphAxisSetUp.swift */,
				8BC314E91C37187D00F2B774 /* GraphHeatmap.swift */,
				8BC314EB1C3718D000F2B774 /* GraphMostActive.swift */,
				8BC314EF1C3772AB00F2B774 /* GraphAxisNumberFormatter.swift */,
				8BC314F71C381A3500F2B774 /* GraphTableStrings.swift */,
				8BC314F91C382F2700F2B774 /* GraphPlotSetup.swift */,
				8BC314FB1C384D5C00F2B774 /* GraphDataSetup.swift */,
			);
			name = Graph;
			path = ViewControllers;
			sourceTree = "<group>";
		};
		8B33F0851C41C87F0011CDBE /* Views */ = {
			isa = PBXGroup;
			children = (
				8B33F0881C41C96F0011CDBE /* ApercuStyleKit.swift */,
				8B33F0861C41C8A70011CDBE /* ActiveSlider.swift */,
			);
			name = Views;
			path = ViewControllers;
			sourceTree = "<group>";
		};
		8B5270091C2E3A4E00391950 /* Model */ = {
			isa = PBXGroup;
			children = (
				8B52700A1C2E3AB000391950 /* ApercuWorkout.swift */,
				8BC314F31C37F2EC00F2B774 /* ProcessWorkout.swift */,
				8BC314FD1C394BFB00F2B774 /* ApercuPlot.swift */,
			);
			name = Model;
			sourceTree = "<group>";
		};
		8B5C0C4C1C2D7269000B236A /* Images */ = {
			isa = PBXGroup;
			children = (
				8B5C0C511C2D7346000B236A /* compareTabBar2.png */,
				8B5C0C521C2D7346000B236A /* compareTabBar2@2x.png */,
				8B5C0C4D1C2D7329000B236A /* singleTabBar3.png */,
				8B5C0C4E1C2D7329000B236A /* singleTabBar3@2x.png */,
			);
			name = Images;
			sourceTree = "<group>";
		};
		8B65732C1C2A1F2F00B9B1E9 = {
			isa = PBXGroup;
			children = (
				8B6573371C2A1F2F00B9B1E9 /* Apercu */,
				8B65734F1C2A1F2F00B9B1E9 /* ApercuTests */,
				8B65735A1C2A1F2F00B9B1E9 /* ApercuUITests */,
				8B6573361C2A1F2F00B9B1E9 /* Products */,
				5A78678EFEAAB5E5166D998C /* Pods */,
				B76AB3F10B99AA55084BE8DE /* Frameworks */,
			);
			sourceTree = "<group>";
		};
		8B6573361C2A1F2F00B9B1E9 /* Products */ = {
			isa = PBXGroup;
			children = (
				8B6573351C2A1F2F00B9B1E9 /* Apercu.app */,
				8B65734C1C2A1F2F00B9B1E9 /* ApercuTests.xctest */,
				8B6573571C2A1F2F00B9B1E9 /* ApercuUITests.xctest */,
			);
			name = Products;
			sourceTree = "<group>";
		};
		8B6573371C2A1F2F00B9B1E9 /* Apercu */ = {
			isa = PBXGroup;
			children = (
				8B5C0C491C2D6F42000B236A /* Apercu.entitlements */,
				8B6573381C2A1F2F00B9B1E9 /* AppDelegate.swift */,
				8B65733A1C2A1F2F00B9B1E9 /* ViewController.swift */,
				8B65733C1C2A1F2F00B9B1E9 /* Main.storyboard */,
				8B6573421C2A1F2F00B9B1E9 /* Assets.xcassets */,
				8B6573441C2A1F2F00B9B1E9 /* LaunchScreen.storyboard */,
				8B6573471C2A1F2F00B9B1E9 /* Info.plist */,
				8B65733F1C2A1F2F00B9B1E9 /* Apercu.xcdatamodeld */,
				8BD54DDC1C2C18840013B35A /* Cells */,
				8BD54DDB1C2C18730013B35A /* Core Data */,
				8B5C0C4C1C2D7269000B236A /* Images */,
				8B5270091C2E3A4E00391950 /* Model */,
				8BE81CB31C36C4E500CD79BC /* HealthKit */,
				8BD54DD81C2C17080013B35A /* Misc */,
				8B1F79821C3367DB00B92116 /* Graph */,
				8B33F0851C41C87F0011CDBE /* Views */,
				66D92FB1FA360AC76BE2D5A2 /* ViewControllers */,
			);
			path = Apercu;
			sourceTree = "<group>";
		};
		8B65734F1C2A1F2F00B9B1E9 /* ApercuTests */ = {
			isa = PBXGroup;
			children = (
				8B6573501C2A1F2F00B9B1E9 /* ApercuTests.swift */,
				8B6573521C2A1F2F00B9B1E9 /* Info.plist */,
			);
			path = ApercuTests;
			sourceTree = "<group>";
		};
		8B65735A1C2A1F2F00B9B1E9 /* ApercuUITests */ = {
			isa = PBXGroup;
			children = (
				8B65735B1C2A1F2F00B9B1E9 /* ApercuUITests.swift */,
				8B65735D1C2A1F2F00B9B1E9 /* Info.plist */,
			);
			path = ApercuUITests;
			sourceTree = "<group>";
		};
		8BD54DD81C2C17080013B35A /* Misc */ = {
			isa = PBXGroup;
			children = (
				8BDA8EE61C2C4F93000D0630 /* CategorySetup.swift */,
				8BFE0BE81C2D5D1500E2CF8A /* WorkoutDescription.swift */,
				8BE5CE281C32068D00FB7CE9 /* CategoryLookup.swift */,
				8B2D5F501C3220A900F7A369 /* CategoriesSingleton.swift */,
				8B76F9611C36DF82009BE714 /* IntensityThresholdSingleton.swift */,
				8BC314ED1C37622800F2B774 /* CustomScrollView.swift */,
				8B33F0811C3F3FFA0011CDBE /* StringHelpers.swift */,
			);
			name = Misc;
			path = ViewControllers;
			sourceTree = "<group>";
		};
		8BD54DDB1C2C18730013B35A /* Core Data */ = {
			isa = PBXGroup;
			children = (
				8B5C0C551C2D877A000B236A /* Template+CoreDataProperties.swift */,
				8B5C0C561C2D877A000B236A /* Template.swift */,
				8B5C0C571C2D877A000B236A /* WorkoutSet+CoreDataProperties.swift */,
				8B5C0C581C2D877A000B236A /* WorkoutSet.swift */,
				8B5C0C591C2D877A000B236A /* Workout+CoreDataProperties.swift */,
				8B5C0C5A1C2D877A000B236A /* Workout.swift */,
				8B5C0C5B1C2D877A000B236A /* Category+CoreDataProperties.swift */,
				8B5C0C5C1C2D877A000B236A /* Category.swift */,
				8B5C0C5D1C2D877A000B236A /* Exercise+CoreDataProperties.swift */,
				8B5C0C5E1C2D877A000B236A /* Exercise.swift */,
			);
			name = "Core Data";
			path = ViewControllers;
			sourceTree = "<group>";
		};
		8BD54DDC1C2C18840013B35A /* Cells */ = {
			isa = PBXGroup;
			children = (
				8BDA8EE81C2C9B05000D0630 /* WorkoutCell.swift */,
				8BFE0BE61C2D593800E2CF8A /* CompareCell.swift */,
				8B8603891C2F80F000923013 /* CategoryCell.swift */,
				8BD961CE1C3C9189004B7F72 /* StatCell.swift */,
				8B33F0831C41790D0011CDBE /* SingleLineStatCell.swift */,
			);
			name = Cells;
			sourceTree = "<group>";
		};
		8BE81CB31C36C4E500CD79BC /* HealthKit */ = {
			isa = PBXGroup;
			children = (
				8BD54DDD1C2C189A0013B35A /* HealthKitSetup.swift */,
				8BD54DDF1C2C2F2D0013B35A /* QueryWorkouts.swift */,
				8BE81CB41C36C58200CD79BC /* QuerySamples.swift */,
			);
			name = HealthKit;
			sourceTree = "<group>";
		};
		B76AB3F10B99AA55084BE8DE /* Frameworks */ = {
			isa = PBXGroup;
			children = (
				8B5C0C4A1C2D6FC6000B236A /* HealthKit.framework */,
				46E0FBFC3ABBE44CC5C1E9D6 /* Pods.framework */,
			);
			name = Frameworks;
			sourceTree = "<group>";
		};
/* End PBXGroup section */

/* Begin PBXNativeTarget section */
		8B6573341C2A1F2F00B9B1E9 /* Apercu */ = {
			isa = PBXNativeTarget;
			buildConfigurationList = 8B6573601C2A1F2F00B9B1E9 /* Build configuration list for PBXNativeTarget "Apercu" */;
			buildPhases = (
				285D482D2F4AEDCA18931A47 /* Check Pods Manifest.lock */,
				8B6573311C2A1F2F00B9B1E9 /* Sources */,
				8B6573321C2A1F2F00B9B1E9 /* Frameworks */,
				8B6573331C2A1F2F00B9B1E9 /* Resources */,
				E7FBF96DF38C1EDD387F8944 /* Embed Pods Frameworks */,
				172F332C3195053DE2FF37B5 /* Copy Pods Resources */,
			);
			buildRules = (
			);
			dependencies = (
			);
			name = Apercu;
			productName = Apercu;
			productReference = 8B6573351C2A1F2F00B9B1E9 /* Apercu.app */;
			productType = "com.apple.product-type.application";
		};
		8B65734B1C2A1F2F00B9B1E9 /* ApercuTests */ = {
			isa = PBXNativeTarget;
			buildConfigurationList = 8B6573631C2A1F2F00B9B1E9 /* Build configuration list for PBXNativeTarget "ApercuTests" */;
			buildPhases = (
				8B6573481C2A1F2F00B9B1E9 /* Sources */,
				8B6573491C2A1F2F00B9B1E9 /* Frameworks */,
				8B65734A1C2A1F2F00B9B1E9 /* Resources */,
			);
			buildRules = (
			);
			dependencies = (
				8B65734E1C2A1F2F00B9B1E9 /* PBXTargetDependency */,
			);
			name = ApercuTests;
			productName = ApercuTests;
			productReference = 8B65734C1C2A1F2F00B9B1E9 /* ApercuTests.xctest */;
			productType = "com.apple.product-type.bundle.unit-test";
		};
		8B6573561C2A1F2F00B9B1E9 /* ApercuUITests */ = {
			isa = PBXNativeTarget;
			buildConfigurationList = 8B6573661C2A1F2F00B9B1E9 /* Build configuration list for PBXNativeTarget "ApercuUITests" */;
			buildPhases = (
				8B6573531C2A1F2F00B9B1E9 /* Sources */,
				8B6573541C2A1F2F00B9B1E9 /* Frameworks */,
				8B6573551C2A1F2F00B9B1E9 /* Resources */,
			);
			buildRules = (
			);
			dependencies = (
				8B6573591C2A1F2F00B9B1E9 /* PBXTargetDependency */,
			);
			name = ApercuUITests;
			productName = ApercuUITests;
			productReference = 8B6573571C2A1F2F00B9B1E9 /* ApercuUITests.xctest */;
			productType = "com.apple.product-type.bundle.ui-testing";
		};
/* End PBXNativeTarget section */

/* Begin PBXProject section */
		8B65732D1C2A1F2F00B9B1E9 /* Project object */ = {
			isa = PBXProject;
			attributes = {
				LastSwiftUpdateCheck = 0720;
				LastUpgradeCheck = 0720;
				ORGANIZATIONNAME = Apercu;
				TargetAttributes = {
					8B6573341C2A1F2F00B9B1E9 = {
						CreatedOnToolsVersion = 7.2;
						DevelopmentTeam = 6C8C4D7TRN;
						SystemCapabilities = {
							com.apple.ApplicationGroups.iOS = {
								enabled = 1;
							};
							com.apple.HealthKit = {
								enabled = 1;
							};
						};
					};
					8B65734B1C2A1F2F00B9B1E9 = {
						CreatedOnToolsVersion = 7.2;
						TestTargetID = 8B6573341C2A1F2F00B9B1E9;
					};
					8B6573561C2A1F2F00B9B1E9 = {
						CreatedOnToolsVersion = 7.2;
						TestTargetID = 8B6573341C2A1F2F00B9B1E9;
					};
				};
			};
			buildConfigurationList = 8B6573301C2A1F2F00B9B1E9 /* Build configuration list for PBXProject "Apercu" */;
			compatibilityVersion = "Xcode 3.2";
			developmentRegion = English;
			hasScannedForEncodings = 0;
			knownRegions = (
				en,
				Base,
			);
			mainGroup = 8B65732C1C2A1F2F00B9B1E9;
			productRefGroup = 8B6573361C2A1F2F00B9B1E9 /* Products */;
			projectDirPath = "";
			projectRoot = "";
			targets = (
				8B6573341C2A1F2F00B9B1E9 /* Apercu */,
				8B65734B1C2A1F2F00B9B1E9 /* ApercuTests */,
				8B6573561C2A1F2F00B9B1E9 /* ApercuUITests */,
			);
		};
/* End PBXProject section */

/* Begin PBXResourcesBuildPhase section */
		8B6573331C2A1F2F00B9B1E9 /* Resources */ = {
			isa = PBXResourcesBuildPhase;
			buildActionMask = 2147483647;
			files = (
				8B5C0C501C2D7329000B236A /* singleTabBar3@2x.png in Resources */,
				8B6573461C2A1F2F00B9B1E9 /* LaunchScreen.storyboard in Resources */,
				8B5C0C4F1C2D7329000B236A /* singleTabBar3.png in Resources */,
				8B6573431C2A1F2F00B9B1E9 /* Assets.xcassets in Resources */,
				8B5C0C541C2D7346000B236A /* compareTabBar2@2x.png in Resources */,
				8B5C0C531C2D7346000B236A /* compareTabBar2.png in Resources */,
				8B65733E1C2A1F2F00B9B1E9 /* Main.storyboard in Resources */,
			);
			runOnlyForDeploymentPostprocessing = 0;
		};
		8B65734A1C2A1F2F00B9B1E9 /* Resources */ = {
			isa = PBXResourcesBuildPhase;
			buildActionMask = 2147483647;
			files = (
			);
			runOnlyForDeploymentPostprocessing = 0;
		};
		8B6573551C2A1F2F00B9B1E9 /* Resources */ = {
			isa = PBXResourcesBuildPhase;
			buildActionMask = 2147483647;
			files = (
			);
			runOnlyForDeploymentPostprocessing = 0;
		};
/* End PBXResourcesBuildPhase section */

/* Begin PBXShellScriptBuildPhase section */
		172F332C3195053DE2FF37B5 /* Copy Pods Resources */ = {
			isa = PBXShellScriptBuildPhase;
			buildActionMask = 2147483647;
			files = (
			);
			inputPaths = (
			);
			name = "Copy Pods Resources";
			outputPaths = (
			);
			runOnlyForDeploymentPostprocessing = 0;
			shellPath = /bin/sh;
			shellScript = "\"${SRCROOT}/Pods/Target Support Files/Pods/Pods-resources.sh\"\n";
			showEnvVarsInLog = 0;
		};
		285D482D2F4AEDCA18931A47 /* Check Pods Manifest.lock */ = {
			isa = PBXShellScriptBuildPhase;
			buildActionMask = 2147483647;
			files = (
			);
			inputPaths = (
			);
			name = "Check Pods Manifest.lock";
			outputPaths = (
			);
			runOnlyForDeploymentPostprocessing = 0;
			shellPath = /bin/sh;
			shellScript = "diff \"${PODS_ROOT}/../Podfile.lock\" \"${PODS_ROOT}/Manifest.lock\" > /dev/null\nif [[ $? != 0 ]] ; then\n    cat << EOM\nerror: The sandbox is not in sync with the Podfile.lock. Run 'pod install' or update your CocoaPods installation.\nEOM\n    exit 1\nfi\n";
			showEnvVarsInLog = 0;
		};
		E7FBF96DF38C1EDD387F8944 /* Embed Pods Frameworks */ = {
			isa = PBXShellScriptBuildPhase;
			buildActionMask = 2147483647;
			files = (
			);
			inputPaths = (
			);
			name = "Embed Pods Frameworks";
			outputPaths = (
			);
			runOnlyForDeploymentPostprocessing = 0;
			shellPath = /bin/sh;
			shellScript = "\"${SRCROOT}/Pods/Target Support Files/Pods/Pods-frameworks.sh\"\n";
			showEnvVarsInLog = 0;
		};
/* End PBXShellScriptBuildPhase section */

/* Begin PBXSourcesBuildPhase section */
		8B6573311C2A1F2F00B9B1E9 /* Sources */ = {
			isa = PBXSourcesBuildPhase;
			buildActionMask = 2147483647;
			files = (
				8B6573411C2A1F2F00B9B1E9 /* Apercu.xcdatamodeld in Sources */,
				8BC314FA1C382F2700F2B774 /* GraphPlotSetup.swift in Sources */,
				8B33F0821C3F3FFA0011CDBE /* StringHelpers.swift in Sources */,
				8BC314F01C3772AB00F2B774 /* GraphAxisNumberFormatter.swift in Sources */,
				8B5C0C651C2D877A000B236A /* Category+CoreDataProperties.swift in Sources */,
				8B1F79881C336E1400B92116 /* WorkoutDetailViewController.swift in Sources */,
				8B5C0C661C2D877A000B236A /* Category.swift in Sources */,
				8B5C0C5F1C2D877A000B236A /* Template+CoreDataProperties.swift in Sources */,
				8B5C0C631C2D877A000B236A /* Workout+CoreDataProperties.swift in Sources */,
				8B5C0C681C2D877A000B236A /* Exercise.swift in Sources */,
				8BC314EC1C3718D000F2B774 /* GraphMostActive.swift in Sources */,
				8B5C0C601C2D877A000B236A /* Template.swift in Sources */,
				8BDA8EE71C2C4F93000D0630 /* CategorySetup.swift in Sources */,
				8BC314EE1C37622800F2B774 /* CustomScrollView.swift in Sources */,
				8B76F9621C36DF82009BE714 /* IntensityThresholdSingleton.swift in Sources */,
				8BC314F41C37F2EC00F2B774 /* ProcessWorkout.swift in Sources */,
				8B65733B1C2A1F2F00B9B1E9 /* ViewController.swift in Sources */,
				8BD961CF1C3C9189004B7F72 /* StatCell.swift in Sources */,
				8BC314FC1C384D5C00F2B774 /* GraphDataSetup.swift in Sources */,
				8BE81CB51C36C58200CD79BC /* QuerySamples.swift in Sources */,
				8B52700B1C2E3AB000391950 /* ApercuWorkout.swift in Sources */,
				8B6573391C2A1F2F00B9B1E9 /* AppDelegate.swift in Sources */,
				8B33F0891C41C96F0011CDBE /* ApercuStyleKit.swift in Sources */,
				8BE5CE291C32068D00FB7CE9 /* CategoryLookup.swift in Sources */,
				8B86038A1C2F80F000923013 /* CategoryCell.swift in Sources */,
				8BD54DE01C2C2F2D0013B35A /* QueryWorkouts.swift in Sources */,
				8BD54DDE1C2C189A0013B35A /* HealthKitSetup.swift in Sources */,
				66D92FBC1A70FD594DBD8028 /* WorkoutTableViewController.swift in Sources */,
				8B8603881C2F789300923013 /* CategoryFilterViewController.swift in Sources */,
				8B33F0871C41C8A70011CDBE /* ActiveSlider.swift in Sources */,
				8B2D5F511C3220A900F7A369 /* CategoriesSingleton.swift in Sources */,
				8BFE0BE91C2D5D1500E2CF8A /* WorkoutDescription.swift in Sources */,
				8BE5CE271C30C9A000FB7CE9 /* ManualFilterViewController.swift in Sources */,
				8B5C0C621C2D877A000B236A /* WorkoutSet.swift in Sources */,
				8BFE0BE71C2D593800E2CF8A /* CompareCell.swift in Sources */,
				8BFE0BE51C2CBA1C00E2CF8A /* FilteredTableViewController.swift in Sources */,
				8B1F79841C3367FF00B92116 /* GraphAxisSetUp.swift in Sources */,
				8B33F0841C41790D0011CDBE /* SingleLineStatCell.swift in Sources */,
				8B5C0C611C2D877A000B236A /* WorkoutSet+CoreDataProperties.swift in Sources */,
				8BC314FE1C394BFB00F2B774 /* ApercuPlot.swift in Sources */,
				8B5C0C671C2D877A000B236A /* Exercise+CoreDataProperties.swift in Sources */,
				8B5C0C641C2D877A000B236A /* Workout.swift in Sources */,
				8BDA8EE91C2C9B05000D0630 /* WorkoutCell.swift in Sources */,
				8BC314F81C381A3500F2B774 /* GraphTableStrings.swift in Sources */,
				8BC314EA1C37187D00F2B774 /* GraphHeatmap.swift in Sources */,
			);
			runOnlyForDeploymentPostprocessing = 0;
		};
		8B6573481C2A1F2F00B9B1E9 /* Sources */ = {
			isa = PBXSourcesBuildPhase;
			buildActionMask = 2147483647;
			files = (
				8B6573511C2A1F2F00B9B1E9 /* ApercuTests.swift in Sources */,
				66D922BD695B3D5F1A6A0031 /* WorkoutTableViewController.swift in Sources */,
			);
			runOnlyForDeploymentPostprocessing = 0;
		};
		8B6573531C2A1F2F00B9B1E9 /* Sources */ = {
			isa = PBXSourcesBuildPhase;
			buildActionMask = 2147483647;
			files = (
				8B65735C1C2A1F2F00B9B1E9 /* ApercuUITests.swift in Sources */,
				66D92F16487AF0F7322B45B4 /* WorkoutTableViewController.swift in Sources */,
			);
			runOnlyForDeploymentPostprocessing = 0;
		};
/* End PBXSourcesBuildPhase section */

/* Begin PBXTargetDependency section */
		8B65734E1C2A1F2F00B9B1E9 /* PBXTargetDependency */ = {
			isa = PBXTargetDependency;
			target = 8B6573341C2A1F2F00B9B1E9 /* Apercu */;
			targetProxy = 8B65734D1C2A1F2F00B9B1E9 /* PBXContainerItemProxy */;
		};
		8B6573591C2A1F2F00B9B1E9 /* PBXTargetDependency */ = {
			isa = PBXTargetDependency;
			target = 8B6573341C2A1F2F00B9B1E9 /* Apercu */;
			targetProxy = 8B6573581C2A1F2F00B9B1E9 /* PBXContainerItemProxy */;
		};
/* End PBXTargetDependency section */

/* Begin PBXVariantGroup section */
		8B65733C1C2A1F2F00B9B1E9 /* Main.storyboard */ = {
			isa = PBXVariantGroup;
			children = (
				8B65733D1C2A1F2F00B9B1E9 /* Base */,
			);
			name = Main.storyboard;
			sourceTree = "<group>";
		};
		8B6573441C2A1F2F00B9B1E9 /* LaunchScreen.storyboard */ = {
			isa = PBXVariantGroup;
			children = (
				8B6573451C2A1F2F00B9B1E9 /* Base */,
			);
			name = LaunchScreen.storyboard;
			sourceTree = "<group>";
		};
/* End PBXVariantGroup section */

/* Begin XCBuildConfiguration section */
		8B65735E1C2A1F2F00B9B1E9 /* Debug */ = {
			isa = XCBuildConfiguration;
			buildSettings = {
				ALWAYS_SEARCH_USER_PATHS = NO;
				CLANG_CXX_LANGUAGE_STANDARD = "gnu++0x";
				CLANG_CXX_LIBRARY = "libc++";
				CLANG_ENABLE_MODULES = YES;
				CLANG_ENABLE_OBJC_ARC = YES;
				CLANG_WARN_BOOL_CONVERSION = YES;
				CLANG_WARN_CONSTANT_CONVERSION = YES;
				CLANG_WARN_DIRECT_OBJC_ISA_USAGE = YES_ERROR;
				CLANG_WARN_EMPTY_BODY = YES;
				CLANG_WARN_ENUM_CONVERSION = YES;
				CLANG_WARN_INT_CONVERSION = YES;
				CLANG_WARN_OBJC_ROOT_CLASS = YES_ERROR;
				CLANG_WARN_UNREACHABLE_CODE = YES;
				CLANG_WARN__DUPLICATE_METHOD_MATCH = YES;
				"CODE_SIGN_IDENTITY[sdk=iphoneos*]" = "iPhone Developer";
				COPY_PHASE_STRIP = NO;
				DEBUG_INFORMATION_FORMAT = dwarf;
				ENABLE_STRICT_OBJC_MSGSEND = YES;
				ENABLE_TESTABILITY = YES;
				GCC_C_LANGUAGE_STANDARD = gnu99;
				GCC_DYNAMIC_NO_PIC = NO;
				GCC_NO_COMMON_BLOCKS = YES;
				GCC_OPTIMIZATION_LEVEL = 0;
				GCC_PREPROCESSOR_DEFINITIONS = (
					"DEBUG=1",
					"$(inherited)",
				);
				GCC_WARN_64_TO_32_BIT_CONVERSION = YES;
				GCC_WARN_ABOUT_RETURN_TYPE = YES_ERROR;
				GCC_WARN_UNDECLARED_SELECTOR = YES;
				GCC_WARN_UNINITIALIZED_AUTOS = YES_AGGRESSIVE;
				GCC_WARN_UNUSED_FUNCTION = YES;
				GCC_WARN_UNUSED_VARIABLE = YES;
				IPHONEOS_DEPLOYMENT_TARGET = 9.2;
				MTL_ENABLE_DEBUG_INFO = YES;
				ONLY_ACTIVE_ARCH = YES;
				SDKROOT = iphoneos;
				SWIFT_OPTIMIZATION_LEVEL = "-Onone";
			};
			name = Debug;
		};
		8B65735F1C2A1F2F00B9B1E9 /* Release */ = {
			isa = XCBuildConfiguration;
			buildSettings = {
				ALWAYS_SEARCH_USER_PATHS = NO;
				CLANG_CXX_LANGUAGE_STANDARD = "gnu++0x";
				CLANG_CXX_LIBRARY = "libc++";
				CLANG_ENABLE_MODULES = YES;
				CLANG_ENABLE_OBJC_ARC = YES;
				CLANG_WARN_BOOL_CONVERSION = YES;
				CLANG_WARN_CONSTANT_CONVERSION = YES;
				CLANG_WARN_DIRECT_OBJC_ISA_USAGE = YES_ERROR;
				CLANG_WARN_EMPTY_BODY = YES;
				CLANG_WARN_ENUM_CONVERSION = YES;
				CLANG_WARN_INT_CONVERSION = YES;
				CLANG_WARN_OBJC_ROOT_CLASS = YES_ERROR;
				CLANG_WARN_UNREACHABLE_CODE = YES;
				CLANG_WARN__DUPLICATE_METHOD_MATCH = YES;
				"CODE_SIGN_IDENTITY[sdk=iphoneos*]" = "iPhone Developer";
				COPY_PHASE_STRIP = NO;
				DEBUG_INFORMATION_FORMAT = "dwarf-with-dsym";
				ENABLE_NS_ASSERTIONS = NO;
				ENABLE_STRICT_OBJC_MSGSEND = YES;
				GCC_C_LANGUAGE_STANDARD = gnu99;
				GCC_NO_COMMON_BLOCKS = YES;
				GCC_WARN_64_TO_32_BIT_CONVERSION = YES;
				GCC_WARN_ABOUT_RETURN_TYPE = YES_ERROR;
				GCC_WARN_UNDECLARED_SELECTOR = YES;
				GCC_WARN_UNINITIALIZED_AUTOS = YES_AGGRESSIVE;
				GCC_WARN_UNUSED_FUNCTION = YES;
				GCC_WARN_UNUSED_VARIABLE = YES;
				IPHONEOS_DEPLOYMENT_TARGET = 9.2;
				MTL_ENABLE_DEBUG_INFO = NO;
				SDKROOT = iphoneos;
				VALIDATE_PRODUCT = YES;
			};
			name = Release;
		};
		8B6573611C2A1F2F00B9B1E9 /* Debug */ = {
			isa = XCBuildConfiguration;
			baseConfigurationReference = 0E82362FF6F1C9F2FE1A2438 /* Pods.debug.xcconfig */;
			buildSettings = {
				ASSETCATALOG_COMPILER_APPICON_NAME = AppIcon;
				CODE_SIGN_ENTITLEMENTS = Apercu/Apercu.entitlements;
				CODE_SIGN_IDENTITY = "iPhone Developer";
				"CODE_SIGN_IDENTITY[sdk=iphoneos*]" = "iPhone Developer";
				INFOPLIST_FILE = Apercu/Info.plist;
				LD_RUNPATH_SEARCH_PATHS = "$(inherited) @executable_path/Frameworks";
				PRODUCT_BUNDLE_IDENTIFIER = com.apercu.apercu;
				PRODUCT_NAME = "$(TARGET_NAME)";
				PROVISIONING_PROFILE = "";
			};
			name = Debug;
		};
		8B6573621C2A1F2F00B9B1E9 /* Release */ = {
			isa = XCBuildConfiguration;
			baseConfigurationReference = 4BD13D29264AAFFE9CA3BA73 /* Pods.release.xcconfig */;
			buildSettings = {
				ASSETCATALOG_COMPILER_APPICON_NAME = AppIcon;
				CODE_SIGN_ENTITLEMENTS = Apercu/Apercu.entitlements;
				CODE_SIGN_IDENTITY = "iPhone Developer";
				"CODE_SIGN_IDENTITY[sdk=iphoneos*]" = "iPhone Developer";
				INFOPLIST_FILE = Apercu/Info.plist;
				LD_RUNPATH_SEARCH_PATHS = "$(inherited) @executable_path/Frameworks";
				PRODUCT_BUNDLE_IDENTIFIER = com.apercu.apercu;
				PRODUCT_NAME = "$(TARGET_NAME)";
				PROVISIONING_PROFILE = "";
			};
			name = Release;
		};
		8B6573641C2A1F2F00B9B1E9 /* Debug */ = {
			isa = XCBuildConfiguration;
			buildSettings = {
				BUNDLE_LOADER = "$(TEST_HOST)";
				INFOPLIST_FILE = ApercuTests/Info.plist;
				LD_RUNPATH_SEARCH_PATHS = "$(inherited) @executable_path/Frameworks @loader_path/Frameworks";
				PRODUCT_BUNDLE_IDENTIFIER = com.apercu.ApercuTests;
				PRODUCT_NAME = "$(TARGET_NAME)";
				TEST_HOST = "$(BUILT_PRODUCTS_DIR)/Apercu.app/Apercu";
			};
			name = Debug;
		};
		8B6573651C2A1F2F00B9B1E9 /* Release */ = {
			isa = XCBuildConfiguration;
			buildSettings = {
				BUNDLE_LOADER = "$(TEST_HOST)";
				INFOPLIST_FILE = ApercuTests/Info.plist;
				LD_RUNPATH_SEARCH_PATHS = "$(inherited) @executable_path/Frameworks @loader_path/Frameworks";
				PRODUCT_BUNDLE_IDENTIFIER = com.apercu.ApercuTests;
				PRODUCT_NAME = "$(TARGET_NAME)";
				TEST_HOST = "$(BUILT_PRODUCTS_DIR)/Apercu.app/Apercu";
			};
			name = Release;
		};
		8B6573671C2A1F2F00B9B1E9 /* Debug */ = {
			isa = XCBuildConfiguration;
			buildSettings = {
				INFOPLIST_FILE = ApercuUITests/Info.plist;
				LD_RUNPATH_SEARCH_PATHS = "$(inherited) @executable_path/Frameworks @loader_path/Frameworks";
				PRODUCT_BUNDLE_IDENTIFIER = com.apercu.ApercuUITests;
				PRODUCT_NAME = "$(TARGET_NAME)";
				TEST_TARGET_NAME = Apercu;
				USES_XCTRUNNER = YES;
			};
			name = Debug;
		};
		8B6573681C2A1F2F00B9B1E9 /* Release */ = {
			isa = XCBuildConfiguration;
			buildSettings = {
				INFOPLIST_FILE = ApercuUITests/Info.plist;
				LD_RUNPATH_SEARCH_PATHS = "$(inherited) @executable_path/Frameworks @loader_path/Frameworks";
				PRODUCT_BUNDLE_IDENTIFIER = com.apercu.ApercuUITests;
				PRODUCT_NAME = "$(TARGET_NAME)";
				TEST_TARGET_NAME = Apercu;
				USES_XCTRUNNER = YES;
			};
			name = Release;
		};
/* End XCBuildConfiguration section */

/* Begin XCConfigurationList section */
		8B6573301C2A1F2F00B9B1E9 /* Build configuration list for PBXProject "Apercu" */ = {
			isa = XCConfigurationList;
			buildConfigurations = (
				8B65735E1C2A1F2F00B9B1E9 /* Debug */,
				8B65735F1C2A1F2F00B9B1E9 /* Release */,
			);
			defaultConfigurationIsVisible = 0;
			defaultConfigurationName = Release;
		};
		8B6573601C2A1F2F00B9B1E9 /* Build configuration list for PBXNativeTarget "Apercu" */ = {
			isa = XCConfigurationList;
			buildConfigurations = (
				8B6573611C2A1F2F00B9B1E9 /* Debug */,
				8B6573621C2A1F2F00B9B1E9 /* Release */,
			);
			defaultConfigurationIsVisible = 0;
			defaultConfigurationName = Release;
		};
		8B6573631C2A1F2F00B9B1E9 /* Build configuration list for PBXNativeTarget "ApercuTests" */ = {
			isa = XCConfigurationList;
			buildConfigurations = (
				8B6573641C2A1F2F00B9B1E9 /* Debug */,
				8B6573651C2A1F2F00B9B1E9 /* Release */,
			);
			defaultConfigurationIsVisible = 0;
			defaultConfigurationName = Release;
		};
		8B6573661C2A1F2F00B9B1E9 /* Build configuration list for PBXNativeTarget "ApercuUITests" */ = {
			isa = XCConfigurationList;
			buildConfigurations = (
				8B6573671C2A1F2F00B9B1E9 /* Debug */,
				8B6573681C2A1F2F00B9B1E9 /* Release */,
			);
			defaultConfigurationIsVisible = 0;
			defaultConfigurationName = Release;
		};
/* End XCConfigurationList section */

/* Begin XCVersionGroup section */
		8B65733F1C2A1F2F00B9B1E9 /* Apercu.xcdatamodeld */ = {
			isa = XCVersionGroup;
			children = (
				8B6573401C2A1F2F00B9B1E9 /* Apercu.xcdatamodel */,
			);
			currentVersion = 8B6573401C2A1F2F00B9B1E9 /* Apercu.xcdatamodel */;
			path = Apercu.xcdatamodeld;
			sourceTree = "<group>";
			versionGroupType = wrapper.xcdatamodel;
		};
/* End XCVersionGroup section */
	};
	rootObject = 8B65732D1C2A1F2F00B9B1E9 /* Project object */;
}
